
Microsoft Visual Studio Solution File, Format Version 12.00
# Visual Studio Version 17
VisualStudioVersion = 17.13.36105.23 d17.13
MinimumVisualStudioVersion = 10.0.40219.1
Project("{FAE04EC0-301F-11D3-BF4B-00C04F79EFBC}") = "QuanLyBanHang", "QuanLyBanHang.csproj", "{A08B60B4-FF2A-4DAB-AF75-9BEE07668D98}"
EndProject
Global
	GlobalSection(SolutionConfigurationPlatforms) = preSolution
		Debug|Any CPU = Debug|Any CPU
		Release|Any CPU = Release|Any CPU
	EndGlobalSection
	GlobalSection(ProjectConfigurationPlatforms) = postSolution
		{A08B60B4-FF2A-4DAB-AF75-9BEE07668D98}.Debug|Any CPU.ActiveCfg = Debug|Any CPU
		{A08B60B4-FF2A-4DAB-AF75-9BEE07668D98}.Debug|Any CPU.Build.0 = Debug|Any CPU
		{A08B60B4-FF2A-4DAB-AF75-9BEE07668D98}.Release|Any CPU.ActiveCfg = Release|Any CPU
		{A08B60B4-FF2A-4DAB-AF75-9BEE07668D98}.Release|Any CPU.Build.0 = Release|Any CPU
	EndGlobalSection
	GlobalSection(SolutionProperties) = preSolution
		HideSolutionNode = FALSE
	EndGlobalSection
	GlobalSection(ExtensibilityGlobals) = postSolution
		SolutionGuid = {1C3971BE-BF56-46CF-88D5-AB9FD4535E66}
	EndGlobalSection
EndGlobal
